{
    "_readme": [
        "This file locks the dependencies of your project to a known state",
        "Read more about it at https://getcomposer.org/doc/01-basic-usage.md#installing-dependencies",
        "This file is @generated automatically"
    ],
    "content-hash": "7ed3977e0b5b51f45278a4a0ba3e1a90",
    "packages": [
        {
            "name": "sentryxsi/rei",
            "version": "0.0.3",
            "source": {
                "type": "git",
                "url": "https://github.com/sentryxsi/rei",
                "reference": "18907da9fceab4180fd88ccae4b9e1d95341a4e0"
            },
            "dist": {
                "type": "zip",
                "url": "https://api.github.com/repos/sentryxsi/rei/zipball/18907da9fceab4180fd88ccae4b9e1d95341a4e0",
                "reference": "18907da9fceab4180fd88ccae4b9e1d95341a4e0",
                "shasum": ""
            },
            "require": {
                "ext-json": "*",
                "ext-mbstring": "*",
                "php": "^7.2"
            },
            "type": "project",
            "autoload": {
                "psr-4": {
                    "NinjaSentry\\": "src/"
                }
            },
            "license": [
                "MIT"
            ],
            "authors": [
                {
                    "name": "SentryXSI"
                }
            ],
            "description": "NinjaSentry REI framework prototype",
            "homepage": "https://github.com/SentryXSI/rei",
            "time": "2019-10-04T15:39:26+00:00"
        }
    ],
    "packages-dev": [],
    "aliases": [],
    "minimum-stability": "stable",
    "stability-flags": [],
    "prefer-stable": false,
    "prefer-lowest": false,
    "platform": {
        "php": "^7.2"
    },
    "platform-dev": []
}
