{
    "_readme": [
        "This file locks the dependencies of your project to a known state",
        "Read more about it at https://getcomposer.org/doc/01-basic-usage.md#installing-dependencies",
        "This file is @generated automatically"
    ],
    "content-hash": "409e59452a207a63cf45c729475d5d85",
    "packages": [
        {
            "name": "sentryxsi/rei",
            "version": "0.0.2",
            "source": {
                "type": "git",
                "url": "https://github.com/sentryxsi/rei",
                "reference": "517490f64740256f46b857b1aa8feb20cc7d55f7"
            },
            "dist": {
                "type": "zip",
                "url": "https://api.github.com/repos/sentryxsi/rei/zipball/517490f64740256f46b857b1aa8feb20cc7d55f7",
                "reference": "517490f64740256f46b857b1aa8feb20cc7d55f7",
                "shasum": ""
            },
            "require": {
                "php": "^7.2"
            },
            "type": "project",
            "autoload": {
                "psr-4": {
                    "NinjaSentry\\": "src/"
                }
            },
            "license": [
                "MIT"
            ],
            "authors": [
                {
                    "name": "SentryXSI"
                }
            ],
            "description": "NinjaSentry REI framework prototype",
            "homepage": "https://github.com/SentryXSI/rei",
            "time": "2019-10-02T16:43:47+00:00"
        }
    ],
    "packages-dev": [],
    "aliases": [],
    "minimum-stability": "stable",
    "stability-flags": [],
    "prefer-stable": false,
    "prefer-lowest": false,
    "platform": {
        "php": "^7.2"
    },
    "platform-dev": []
}
